
Microsoft Visual Studio Solution File, Format Version 12.00
# Visual Studio 15
VisualStudioVersion = 15.0.28307.168
MinimumVisualStudioVersion = 10.0.40219.1
Project("{9A19103F-16F7-4668-BE54-9A1E7A4F7556}") = "Spotyplace.Web", "Spotyplace.Web\Spotyplace.Web.csproj", "{CAA4DB04-AEA5-46F1-B18B-BD4A48EB8B10}"
EndProject
Project("{FAE04EC0-301F-11D3-BF4B-00C04F79EFBC}") = "Spotyplace.DataAccess", "Spotyplace.DataAccess\Spotyplace.DataAccess.csproj", "{FACBC351-E5AB-4D92-A9D1-6F685616AAD1}"
EndProject
Project("{FAE04EC0-301F-11D3-BF4B-00C04F79EFBC}") = "Spotyplace.Entities", "Spotyplace.Entities\Spotyplace.Entities.csproj", "{B98123CE-78BE-4F93-B3D5-C2B52F012656}"
EndProject
Project("{FAE04EC0-301F-11D3-BF4B-00C04F79EFBC}") = "Spotyplace.Business", "Spotyplace.Business\Spotyplace.Business.csproj", "{B09AF7EC-B1DA-4F66-A840-0D71C02A8009}"
EndProject
Global
	GlobalSection(SolutionConfigurationPlatforms) = preSolution
		Debug|Any CPU = Debug|Any CPU
		Release|Any CPU = Release|Any CPU
	EndGlobalSection
	GlobalSection(ProjectConfigurationPlatforms) = postSolution
		{CAA4DB04-AEA5-46F1-B18B-BD4A48EB8B10}.Debug|Any CPU.ActiveCfg = Debug|Any CPU
		{CAA4DB04-AEA5-46F1-B18B-BD4A48EB8B10}.Debug|Any CPU.Build.0 = Debug|Any CPU
		{CAA4DB04-AEA5-46F1-B18B-BD4A48EB8B10}.Release|Any CPU.ActiveCfg = Release|Any CPU
		{CAA4DB04-AEA5-46F1-B18B-BD4A48EB8B10}.Release|Any CPU.Build.0 = Release|Any CPU
		{FACBC351-E5AB-4D92-A9D1-6F685616AAD1}.Debug|Any CPU.ActiveCfg = Debug|Any CPU
		{FACBC351-E5AB-4D92-A9D1-6F685616AAD1}.Debug|Any CPU.Build.0 = Debug|Any CPU
		{FACBC351-E5AB-4D92-A9D1-6F685616AAD1}.Release|Any CPU.ActiveCfg = Release|Any CPU
		{FACBC351-E5AB-4D92-A9D1-6F685616AAD1}.Release|Any CPU.Build.0 = Release|Any CPU
		{B98123CE-78BE-4F93-B3D5-C2B52F012656}.Debug|Any CPU.ActiveCfg = Debug|Any CPU
		{B98123CE-78BE-4F93-B3D5-C2B52F012656}.Debug|Any CPU.Build.0 = Debug|Any CPU
		{B98123CE-78BE-4F93-B3D5-C2B52F012656}.Release|Any CPU.ActiveCfg = Release|Any CPU
		{B98123CE-78BE-4F93-B3D5-C2B52F012656}.Release|Any CPU.Build.0 = Release|Any CPU
		{B09AF7EC-B1DA-4F66-A840-0D71C02A8009}.Debug|Any CPU.ActiveCfg = Debug|Any CPU
		{B09AF7EC-B1DA-4F66-A840-0D71C02A8009}.Debug|Any CPU.Build.0 = Debug|Any CPU
		{B09AF7EC-B1DA-4F66-A840-0D71C02A8009}.Release|Any CPU.ActiveCfg = Release|Any CPU
		{B09AF7EC-B1DA-4F66-A840-0D71C02A8009}.Release|Any CPU.Build.0 = Release|Any CPU
	EndGlobalSection
	GlobalSection(SolutionProperties) = preSolution
		HideSolutionNode = FALSE
	EndGlobalSection
	GlobalSection(ExtensibilityGlobals) = postSolution
		SolutionGuid = {7EBF1071-B028-4FB7-BCBF-DE3D43C0D94E}
	EndGlobalSection
EndGlobal
